
Microsoft Visual Studio Solution File, Format Version 12.00
# Visual Studio 14
VisualStudioVersion = 14.0.25420.1
MinimumVisualStudioVersion = 10.0.40219.1
Project("{FAE04EC0-301F-11D3-BF4B-00C04F79EFBC}") = "ChatService", "ChatService\ChatService.csproj", "{BFADAE9C-2EB3-4200-8EA0-6637F5B9C6FF}"
EndProject
Project("{FAE04EC0-301F-11D3-BF4B-00C04F79EFBC}") = "ServerTests", "Tests\ServerTests.csproj", "{140DAE14-7F98-4EB0-91CE-2DDCA4555000}"
EndProject
Project("{FAE04EC0-301F-11D3-BF4B-00C04F79EFBC}") = "Server", "Server\Server.csproj", "{739669CF-BCD2-4DA1-9F0E-CBCAED554A64}"
EndProject
Global
	GlobalSection(SolutionConfigurationPlatforms) = preSolution
		Debug|Any CPU = Debug|Any CPU
		Release|Any CPU = Release|Any CPU
	EndGlobalSection
	GlobalSection(ProjectConfigurationPlatforms) = postSolution
		{BFADAE9C-2EB3-4200-8EA0-6637F5B9C6FF}.Debug|Any CPU.ActiveCfg = Debug|Any CPU
		{BFADAE9C-2EB3-4200-8EA0-6637F5B9C6FF}.Debug|Any CPU.Build.0 = Debug|Any CPU
		{BFADAE9C-2EB3-4200-8EA0-6637F5B9C6FF}.Release|Any CPU.ActiveCfg = Release|Any CPU
		{BFADAE9C-2EB3-4200-8EA0-6637F5B9C6FF}.Release|Any CPU.Build.0 = Release|Any CPU
		{140DAE14-7F98-4EB0-91CE-2DDCA4555000}.Debug|Any CPU.ActiveCfg = Debug|Any CPU
		{140DAE14-7F98-4EB0-91CE-2DDCA4555000}.Debug|Any CPU.Build.0 = Debug|Any CPU
		{140DAE14-7F98-4EB0-91CE-2DDCA4555000}.Release|Any CPU.ActiveCfg = Release|Any CPU
		{140DAE14-7F98-4EB0-91CE-2DDCA4555000}.Release|Any CPU.Build.0 = Release|Any CPU
		{739669CF-BCD2-4DA1-9F0E-CBCAED554A64}.Debug|Any CPU.ActiveCfg = Debug|Any CPU
		{739669CF-BCD2-4DA1-9F0E-CBCAED554A64}.Debug|Any CPU.Build.0 = Debug|Any CPU
		{739669CF-BCD2-4DA1-9F0E-CBCAED554A64}.Release|Any CPU.ActiveCfg = Release|Any CPU
		{739669CF-BCD2-4DA1-9F0E-CBCAED554A64}.Release|Any CPU.Build.0 = Release|Any CPU
	EndGlobalSection
	GlobalSection(SolutionProperties) = preSolution
		HideSolutionNode = FALSE
	EndGlobalSection
	GlobalSection(NestedProjects) = preSolution
		{BFADAE9C-2EB3-4200-8EA0-6637F5B9C6FF} = {83BDA6A2-BFD9-4B03-A99F-382DBB420598}
		{140DAE14-7F98-4EB0-91CE-2DDCA4555000} = {83BDA6A2-BFD9-4B03-A99F-382DBB420598}
		{739669CF-BCD2-4DA1-9F0E-CBCAED554A64} = {83BDA6A2-BFD9-4B03-A99F-382DBB420598}
	EndGlobalSection
EndGlobal
